<?xml version="1.0" encoding="utf-8"?>
<Project ToolsVersion="4.0" xmlns="http://schemas.microsoft.com/developer/msbuild/2003">
  <ItemGroup>
    <Filter Include="Camera">
      <UniqueIdentifier>{d0700f9a-4b99-483f-bff3-1d3a8147b395}</UniqueIdentifier>
    </Filter>
    <Filter Include="Systems">
      <UniqueIdentifier>{b253a0ac-b25d-4893-96c3-e43c1186a91c}</UniqueIdentifier>
    </Filter>
    <Filter Include="Tests">
      <UniqueIdentifier>{c31886a9-4077-449c-804f-6fcf551707ca}</UniqueIdentifier>
    </Filter>
    <Filter Include="Player">
      <UniqueIdentifier>{ea20d3d3-b809-4bab-b577-5f4740898a79}</UniqueIdentifier>
    </Filter>
    <Filter Include="Interaction/Gameplay">
      <UniqueIdentifier>{4ca7c366-15f4-4471-b3a6-dbfca40a14c4}</UniqueIdentifier>
    </Filter>
    <Filter Include="Player\Targeting">
      <UniqueIdentifier>{3061405a-a204-4131-a028-1ff12d239d69}</UniqueIdentifier>
    </Filter>
    <Filter Include="Player\Characters">
      <UniqueIdentifier>{4e32a2c6-18c7-401f-b758-0f4ffa1119b6}</UniqueIdentifier>
    </Filter>
    <Filter Include="Player\Abilities">
      <UniqueIdentifier>{49bc0cdc-0cc7-4598-a116-597b36303fa8}</UniqueIdentifier>
    </Filter>
    <Filter Include="Player\Abilities\Death">
      <UniqueIdentifier>{af9be762-c089-4e1e-a1ad-b0a5776c1f33}</UniqueIdentifier>
    </Filter>
    <Filter Include="Player\Abilities\Lyriel">
      <UniqueIdentifier>{640bef78-242e-4966-b317-5e9632e1f92b}</UniqueIdentifier>
    </Filter>
  </ItemGroup>
  <ItemGroup>
    <ClInclude Include="pch.h" />
    <ClInclude Include="framework.h" />
    <ClInclude Include="..\Engine\Assets\Scripts\CameraFollow.h">
      <Filter>Camera</Filter>
    </ClInclude>
    <ClInclude Include="..\Engine\Assets\Scripts\CameraSwitcher.h">
      <Filter>Camera</Filter>
    </ClInclude>
    <ClInclude Include="DebugDrawTest.h">
      <Filter>Tests</Filter>
    </ClInclude>
    <ClInclude Include="..\Engine\Assets\Scripts\TestingButton.h">
      <Filter>Tests</Filter>
    </ClInclude>
    <ClInclude Include="..\Engine\Assets\Scripts\TriggerArea.h">
      <Filter>Interaction/Gameplay</Filter>
    </ClInclude>
    <ClInclude Include="PlayerTargetController.h">
      <Filter>Player\Targeting</Filter>
    </ClInclude>
    <ClInclude Include="TargetIndicatorUI.h">
      <Filter>Player\Targeting</Filter>
    </ClInclude>
    <ClInclude Include="..\Engine\Assets\Scripts\PlayerController.h">
      <Filter>Player</Filter>
    </ClInclude>
    <ClInclude Include="..\Engine\Assets\Scripts\LocalMultiplayerSetup.h">
      <Filter>Systems</Filter>
    </ClInclude>
    <ClInclude Include="Damageable.h" />
    <ClInclude Include="CharacterBase.h">
      <Filter>Player\Characters</Filter>
    </ClInclude>
    <ClInclude Include="DeathCharacter.h">
      <Filter>Player\Characters</Filter>
    </ClInclude>
    <ClInclude Include="LyrielCharacter.h">
      <Filter>Player\Characters</Filter>
    </ClInclude>
    <ClInclude Include="AbilityBase.h">
      <Filter>Player\Abilities</Filter>
    </ClInclude>
    <ClInclude Include="DeathChargedAttack.h">
      <Filter>Player\Abilities\Death</Filter>
    </ClInclude>
    <ClInclude Include="DeathBasicAttack.h">
      <Filter>Player\Abilities\Death</Filter>
    </ClInclude>
    <ClInclude Include="DeathDash.h">
      <Filter>Player\Abilities\Death</Filter>
    </ClInclude>
    <ClInclude Include="DeathTaunt.h">
      <Filter>Player\Abilities\Death</Filter>
    </ClInclude>
    <ClInclude Include="LyrielBasicAttack.h">
      <Filter>Player\Abilities\Lyriel</Filter>
    </ClInclude>
    <ClInclude Include="LyrielChargedAttack.h">
      <Filter>Player\Abilities\Lyriel</Filter>
    </ClInclude>
    <ClInclude Include="LyrielDash.h">
      <Filter>Player\Abilities\Lyriel</Filter>
    </ClInclude>
    <ClInclude Include="LyrielArrowVolley.h">
      <Filter>Player\Abilities\Lyriel</Filter>
    </ClInclude>
  </ItemGroup>
  <ItemGroup>
    <ClCompile Include="dllmain.cpp" />
    <ClCompile Include="pch.cpp" />
    <ClCompile Include="..\Engine\Assets\Scripts\CameraFollow.cpp">
      <Filter>Camera</Filter>
    </ClCompile>
    <ClCompile Include="..\Engine\Assets\Scripts\CameraSwitcher.cpp">
      <Filter>Camera</Filter>
    </ClCompile>
    <ClCompile Include="DebugDrawTest.cpp">
      <Filter>Tests</Filter>
    </ClCompile>
    <ClCompile Include="..\Engine\Assets\Scripts\TestingButton.cpp">
      <Filter>Tests</Filter>
    </ClCompile>
    <ClCompile Include="..\Engine\Assets\Scripts\TriggerArea.cpp">
      <Filter>Interaction/Gameplay</Filter>
    </ClCompile>
    <ClCompile Include="PlayerTargetController.cpp">
      <Filter>Player\Targeting</Filter>
    </ClCompile>
    <ClCompile Include="TargetIndicatorUI.cpp">
      <Filter>Player\Targeting</Filter>
    </ClCompile>
    <ClCompile Include="..\Engine\Assets\Scripts\PlayerController.cpp">
      <Filter>Player</Filter>
    </ClCompile>
    <ClCompile Include="..\Engine\Assets\Scripts\LocalMultiplayerSetup.cpp">
      <Filter>Systems</Filter>
    </ClCompile>
    <ClCompile Include="Damageable.cpp" />
    <ClCompile Include="CharacterBase.cpp">
      <Filter>Player\Characters</Filter>
    </ClCompile>
    <ClCompile Include="DeathCharacter.cpp">
      <Filter>Player\Characters</Filter>
    </ClCompile>
    <ClCompile Include="LyrielCharacter.cpp">
      <Filter>Player\Characters</Filter>
    </ClCompile>
    <ClCompile Include="AbilityBase.cpp">
      <Filter>Player\Abilities</Filter>
    </ClCompile>
    <ClCompile Include="DeathChargedAttack.cpp">
      <Filter>Player\Abilities\Death</Filter>
    </ClCompile>
    <ClCompile Include="DeathBasicAttack.cpp">
      <Filter>Player\Abilities\Death</Filter>
    </ClCompile>
    <ClCompile Include="DeathDash.cpp">
      <Filter>Player\Abilities\Death</Filter>
    </ClCompile>
    <ClCompile Include="DeathTaunt.cpp">
      <Filter>Player\Abilities\Death</Filter>
    </ClCompile>
    <ClCompile Include="LyrielBasicAttack.cpp">
      <Filter>Player\Abilities\Lyriel</Filter>
    </ClCompile>
    <ClCompile Include="LyrielChargedAttack.cpp">
      <Filter>Player\Abilities\Lyriel</Filter>
    </ClCompile>
    <ClCompile Include="LyrielDash.cpp">
      <Filter>Player\Abilities\Lyriel</Filter>
    </ClCompile>
    <ClCompile Include="LyrielArrowVolley.cpp">
      <Filter>Player\Abilities\Lyriel</Filter>
    </ClCompile>
  </ItemGroup>
</Project>