<?xml version="1.0" encoding="utf-8"?>
<Project ToolsVersion="4.0" xmlns="http://schemas.microsoft.com/developer/msbuild/2003">
  <ItemGroup>
    <Filter Include="Camera">
      <UniqueIdentifier>{d0700f9a-4b99-483f-bff3-1d3a8147b395}</UniqueIdentifier>
    </Filter>
    <Filter Include="Systems">
      <UniqueIdentifier>{b253a0ac-b25d-4893-96c3-e43c1186a91c}</UniqueIdentifier>
    </Filter>
    <Filter Include="Tests">
      <UniqueIdentifier>{c31886a9-4077-449c-804f-6fcf551707ca}</UniqueIdentifier>
    </Filter>
    <Filter Include="Player">
      <UniqueIdentifier>{ea20d3d3-b809-4bab-b577-5f4740898a79}</UniqueIdentifier>
    </Filter>
    <Filter Include="Interaction/Gameplay">
      <UniqueIdentifier>{4ca7c366-15f4-4471-b3a6-dbfca40a14c4}</UniqueIdentifier>
    </Filter>
    <Filter Include="Player\Targeting">
      <UniqueIdentifier>{3061405a-a204-4131-a028-1ff12d239d69}</UniqueIdentifier>
    </Filter>
    <Filter Include="Combat">
      <UniqueIdentifier>{d4713e17-7ef0-4338-a2ce-d04eea529fa6}</UniqueIdentifier>
    </Filter>
    <Filter Include="Player\States">
      <UniqueIdentifier>{efb0d3d4-8d69-407b-8da8-4ffc1137e7a4}</UniqueIdentifier>
    </Filter>
    <Filter Include="Player\Bound">
      <UniqueIdentifier>{34f33962-8cb1-448d-a276-35c10310aef1}</UniqueIdentifier>
    </Filter>
    <Filter Include="Player\Transform">
      <UniqueIdentifier>{fb6b58e2-7f9f-44b4-9755-36d7239c1bd0}</UniqueIdentifier>
    </Filter>
    <Filter Include="Enemies">
      <UniqueIdentifier>{994356b7-31d7-4286-a7d0-f22fa651b995}</UniqueIdentifier>
    </Filter>
    <Filter Include="Enemies\States">
      <UniqueIdentifier>{920d4967-84f4-4616-9099-b8b0c3eeb8af}</UniqueIdentifier>
    </Filter>
    <Filter Include="UI">
      <UniqueIdentifier>{e135fa5e-751a-4bac-acd9-1ede1f2173ca}</UniqueIdentifier>
    </Filter>
    <Filter Include="Player\Characters">
      <UniqueIdentifier>{18003957-5065-4adc-b44d-b287c568bfc1}</UniqueIdentifier>
    </Filter>
    <Filter Include="Player\Characters\Lyriel">
      <UniqueIdentifier>{1dd13501-33d1-47a1-bae7-c0a21d148ac5}</UniqueIdentifier>
    </Filter>
    <Filter Include="Player\Characters\Death">
      <UniqueIdentifier>{c05ea1a6-3703-4a10-a84a-609d150244ed}</UniqueIdentifier>
    </Filter>
    <Filter Include="Interaction/Gameplay\Puzzles">
      <UniqueIdentifier>{5258ec66-1d97-4672-a686-3d60947602f0}</UniqueIdentifier>
    </Filter>
    <Filter Include="Interaction/Gameplay\Traps">
      <UniqueIdentifier>{29f49c70-b8aa-4257-97d8-dc2e18fdd700}</UniqueIdentifier>
    </Filter>
    <Filter Include="Enemy">
      <UniqueIdentifier>{48909dd4-920b-4242-8d9c-e9cfb62721fe}</UniqueIdentifier>
    </Filter>
  </ItemGroup>
  <ItemGroup>
    <ClInclude Include="pch.h" />
    <ClInclude Include="framework.h" />
    <ClInclude Include="..\Engine\Assets\Scripts\CameraFollow.h">
      <Filter>Camera</Filter>
    </ClInclude>
    <ClInclude Include="..\Engine\Assets\Scripts\CameraSwitcher.h">
      <Filter>Camera</Filter>
    </ClInclude>
    <ClInclude Include="DebugDrawTest.h">
      <Filter>Tests</Filter>
    </ClInclude>
    <ClInclude Include="..\Engine\Assets\Scripts\TestingButton.h">
      <Filter>Tests</Filter>
    </ClInclude>
    <ClInclude Include="..\Engine\Assets\Scripts\TriggerArea.h">
      <Filter>Interaction/Gameplay</Filter>
    </ClInclude>
    <ClInclude Include="PlayerTargetController.h">
      <Filter>Player\Targeting</Filter>
    </ClInclude>
    <ClInclude Include="TargetIndicatorUI.h">
      <Filter>Player\Targeting</Filter>
    </ClInclude>
    <ClInclude Include="..\Engine\Assets\Scripts\PlayerController.h">
      <Filter>Player</Filter>
    </ClInclude>
    <ClInclude Include="..\Engine\Assets\Scripts\LocalMultiplayerSetup.h">
      <Filter>Systems</Filter>
    </ClInclude>
    <ClInclude Include="DefeatConditionManager.h">
      <Filter>Combat</Filter>
    </ClInclude>
    <ClInclude Include="DebugDamageTrigger.h">
      <Filter>Combat</Filter>
    </ClInclude>
    <ClInclude Include="Damageable.h">
      <Filter>Combat</Filter>
    </ClInclude>
    <ClInclude Include="PlayerDamageable.h">
      <Filter>Player</Filter>
    </ClInclude>
    <ClInclude Include="PlayerState.h">
      <Filter>Player\States</Filter>
    </ClInclude>
    <ClInclude Include="PlayerDownState.h">
      <Filter>Player\States</Filter>
    </ClInclude>
    <ClInclude Include="Bound.h">
      <Filter>Player\Bound</Filter>
    </ClInclude>
    <ClInclude Include="EnemyDetectionAggro.h">
      <Filter>Enemies</Filter>
    </ClInclude>
    <ClInclude Include="EnemyDeathHandler.h">
      <Filter>Enemies</Filter>
    </ClInclude>
    <ClInclude Include="PlayerRotation.h">
      <Filter>Player\Transform</Filter>
    </ClInclude>
    <ClInclude Include="PlayerMovement.h">
      <Filter>Player\Transform</Filter>
    </ClInclude>
    <ClInclude Include="Enemy_Controller.h">
      <Filter>Enemies</Filter>
    </ClInclude>
    <ClInclude Include="EnemyIDLE.h">
      <Filter>Enemies\States</Filter>
    </ClInclude>
    <ClInclude Include="EnemyCHASE.h">
      <Filter>Enemies\States</Filter>
    </ClInclude>
    <ClInclude Include="SpikeTrap.h" />
    <ClInclude Include="UIController.h">
      <Filter>UI</Filter>
    </ClInclude>
    <ClInclude Include="UIPause.h">
      <Filter>UI</Filter>
    </ClInclude>
    <ClInclude Include="ArrowPool.h">
      <Filter>Player\Characters\Lyriel</Filter>
    </ClInclude>
    <ClInclude Include="CharacterBase.h">
      <Filter>Player\Characters</Filter>
    </ClInclude>
    <ClInclude Include="AbilityBase.h">
      <Filter>Player\Characters</Filter>
    </ClInclude>
    <ClInclude Include="AbilityDash.h">
      <Filter>Player\Characters</Filter>
    </ClInclude>
    <ClInclude Include="DeathAbilityBase.h">
      <Filter>Player\Characters\Death</Filter>
    </ClInclude>
    <ClInclude Include="DeathBasicAttack.h">
      <Filter>Player\Characters\Death</Filter>
    </ClInclude>
    <ClInclude Include="DeathCharacter.h">
      <Filter>Player\Characters\Death</Filter>
    </ClInclude>
    <ClInclude Include="DeathChargedAttack.h">
      <Filter>Player\Characters\Death</Filter>
    </ClInclude>
    <ClInclude Include="DeathDash.h">
      <Filter>Player\Characters\Death</Filter>
    </ClInclude>
    <ClInclude Include="DeathTaunt.h">
      <Filter>Player\Characters\Death</Filter>
    </ClInclude>
    <ClInclude Include="EnemyDamageable.h">
      <Filter>Enemies</Filter>
    </ClInclude>
    <ClInclude Include="LevelCheats.h">
      <Filter>Interaction/Gameplay</Filter>
    </ClInclude>
    <ClInclude Include="LyrielAbilityBase.h">
      <Filter>Player\Characters\Lyriel</Filter>
    </ClInclude>
    <ClInclude Include="LyrielArrowProjectile.h">
      <Filter>Player\Characters\Lyriel</Filter>
    </ClInclude>
    <ClInclude Include="LyrielArrowVolley.h">
      <Filter>Player\Characters\Lyriel</Filter>
    </ClInclude>
    <ClInclude Include="LyrielBasicAttack.h">
      <Filter>Player\Characters\Lyriel</Filter>
    </ClInclude>
    <ClInclude Include="LyrielCharacter.h">
      <Filter>Player\Characters\Lyriel</Filter>
    </ClInclude>
    <ClInclude Include="LyrielChargedAttack.h">
      <Filter>Player\Characters\Lyriel</Filter>
    </ClInclude>
    <ClInclude Include="LyrielDash.h">
      <Filter>Player\Characters\Lyriel</Filter>
    </ClInclude>
    <ClInclude Include="PlayerAnimationController.h">
      <Filter>Player</Filter>
    </ClInclude>
    <ClInclude Include="SpikeTrap.h">
      <Filter>Interaction/Gameplay\Traps</Filter>
    </ClInclude>
    <ClInclude Include="EnemyATTACK.h">
      <Filter>Enemies\States</Filter>
    </ClInclude>
    <ClInclude Include="EnemyCHARGE.h">
      <Filter>Enemies\States</Filter>
    </ClInclude>
    <ClInclude Include="EnemyRECOVER.h">
      <Filter>Enemies\States</Filter>
    </ClInclude>
    <ClInclude Include="EnemySTUN.h">
      <Filter>Enemies\States</Filter>
    </ClInclude>
    <ClInclude Include="EnemyController.h">
      <Filter>Enemy</Filter>
    </ClInclude>
    <ClInclude Include="EnemyState.h">
      <Filter>Enemy</Filter>
    </ClInclude>
  </ItemGroup>
  <ItemGroup>
    <ClCompile Include="dllmain.cpp" />
    <ClCompile Include="pch.cpp" />
    <ClCompile Include="..\Engine\Assets\Scripts\CameraFollow.cpp">
      <Filter>Camera</Filter>
    </ClCompile>
    <ClCompile Include="..\Engine\Assets\Scripts\CameraSwitcher.cpp">
      <Filter>Camera</Filter>
    </ClCompile>
    <ClCompile Include="DebugDrawTest.cpp">
      <Filter>Tests</Filter>
    </ClCompile>
    <ClCompile Include="..\Engine\Assets\Scripts\TestingButton.cpp">
      <Filter>Tests</Filter>
    </ClCompile>
    <ClCompile Include="..\Engine\Assets\Scripts\TriggerArea.cpp">
      <Filter>Interaction/Gameplay</Filter>
    </ClCompile>
    <ClCompile Include="PlayerTargetController.cpp">
      <Filter>Player\Targeting</Filter>
    </ClCompile>
    <ClCompile Include="TargetIndicatorUI.cpp">
      <Filter>Player\Targeting</Filter>
    </ClCompile>
    <ClCompile Include="..\Engine\Assets\Scripts\PlayerController.cpp">
      <Filter>Player</Filter>
    </ClCompile>
    <ClCompile Include="..\Engine\Assets\Scripts\LocalMultiplayerSetup.cpp">
      <Filter>Systems</Filter>
    </ClCompile>
    <ClCompile Include="DefeatConditionManager.cpp">
      <Filter>Combat</Filter>
    </ClCompile>
    <ClCompile Include="DebugDamageTrigger.cpp">
      <Filter>Combat</Filter>
    </ClCompile>
    <ClCompile Include="Damageable.cpp">
      <Filter>Combat</Filter>
    </ClCompile>
    <ClCompile Include="PlayerDamageable.cpp">
      <Filter>Player</Filter>
    </ClCompile>
    <ClCompile Include="PlayerState.cpp">
      <Filter>Player\States</Filter>
    </ClCompile>
    <ClCompile Include="PlayerDownState.cpp">
      <Filter>Player\States</Filter>
    </ClCompile>
    <ClCompile Include="Bound.cpp">
      <Filter>Player\Bound</Filter>
    </ClCompile>
    <ClCompile Include="EnemyDetectionAggro.cpp">
      <Filter>Enemies</Filter>
    </ClCompile>
    <ClCompile Include="EnemyDeathHandler.cpp">
      <Filter>Enemies</Filter>
    </ClCompile>
    <ClCompile Include="PlayerRotation.cpp">
      <Filter>Player\Transform</Filter>
    </ClCompile>
    <ClCompile Include="PlayerMovement.cpp">
      <Filter>Player\Transform</Filter>
    </ClCompile>
    <ClCompile Include="EngineDependencies\SimpleMath.cpp" />
    <ClCompile Include="Enemy_Controller.cpp">
      <Filter>Enemies</Filter>
    </ClCompile>
    <ClCompile Include="EnemyIDLE.cpp">
      <Filter>Enemies\States</Filter>
    </ClCompile>
    <ClCompile Include="EnemyCHASE.cpp">
      <Filter>Enemies\States</Filter>
    </ClCompile>
    <ClCompile Include="SpikeTrap.cpp" />
    <ClCompile Include="UIController.cpp">
      <Filter>UI</Filter>
    </ClCompile>
    <ClCompile Include="UIPause.cpp">
      <Filter>UI</Filter>
    </ClCompile>
    <ClCompile Include="ArrowPool.cpp">
      <Filter>Player\Characters\Lyriel</Filter>
    </ClCompile>
    <ClCompile Include="CharacterBase.cpp">
      <Filter>Player\Characters</Filter>
    </ClCompile>
    <ClCompile Include="AbilityBase.cpp">
      <Filter>Player\Characters</Filter>
    </ClCompile>
    <ClCompile Include="AbilityDash.cpp">
      <Filter>Player\Characters</Filter>
    </ClCompile>
    <ClCompile Include="DeathAbilityBase.cpp">
      <Filter>Player\Characters\Death</Filter>
    </ClCompile>
    <ClCompile Include="DeathBasicAttack.cpp">
      <Filter>Player\Characters\Death</Filter>
    </ClCompile>
    <ClCompile Include="DeathCharacter.cpp">
      <Filter>Player\Characters\Death</Filter>
    </ClCompile>
    <ClCompile Include="DeathChargedAttack.cpp">
      <Filter>Player\Characters\Death</Filter>
    </ClCompile>
    <ClCompile Include="DeathDash.cpp">
      <Filter>Player\Characters\Death</Filter>
    </ClCompile>
    <ClCompile Include="DeathTaunt.cpp">
      <Filter>Player\Characters\Death</Filter>
    </ClCompile>
    <ClCompile Include="EnemyDamageable.cpp">
      <Filter>Enemies</Filter>
    </ClCompile>
    <ClCompile Include="LevelCheats.cpp">
      <Filter>Interaction/Gameplay</Filter>
    </ClCompile>
    <ClCompile Include="LyrielAbilityBase.cpp">
      <Filter>Player\Characters\Lyriel</Filter>
    </ClCompile>
    <ClCompile Include="LyrielArrowProjectile.cpp">
      <Filter>Player\Characters\Lyriel</Filter>
    </ClCompile>
    <ClCompile Include="LyrielArrowVolley.cpp">
      <Filter>Player\Characters\Lyriel</Filter>
    </ClCompile>
    <ClCompile Include="LyrielBasicAttack.cpp">
      <Filter>Player\Characters\Lyriel</Filter>
    </ClCompile>
    <ClCompile Include="LyrielCharacter.cpp">
      <Filter>Player\Characters\Lyriel</Filter>
    </ClCompile>
    <ClCompile Include="LyrielChargedAttack.cpp">
      <Filter>Player\Characters\Lyriel</Filter>
    </ClCompile>
    <ClCompile Include="LyrielDash.cpp">
      <Filter>Player\Characters\Lyriel</Filter>
    </ClCompile>
    <ClCompile Include="PlayerAnimationController.cpp">
      <Filter>Player</Filter>
    </ClCompile>
    <ClCompile Include="SpikeTrap.cpp">
      <Filter>Interaction/Gameplay\Traps</Filter>
    </ClCompile>
    <ClCompile Include="EnemyATTACK.cpp">
      <Filter>Enemies\States</Filter>
    </ClCompile>
    <ClCompile Include="EnemyCHARGE.cpp">
      <Filter>Enemies\States</Filter>
    </ClCompile>
    <ClCompile Include="EnemyRECOVER.cpp">
      <Filter>Enemies\States</Filter>
    </ClCompile>
    <ClCompile Include="EnemySTUN.cpp">
      <Filter>Enemies\States</Filter>
    </ClCompile>
    <ClCompile Include="EnemyController.cpp">
      <Filter>Enemy</Filter>
    </ClCompile>
    <ClCompile Include="EnemyState.cpp">
      <Filter>Enemy</Filter>
    </ClCompile>
  </ItemGroup>
</Project>